name: update-flake-lock 

on:
  workflow_dispatch:
  schedule:
    - cron: "0 0 * * *" # Daily at midnight UTC

jobs:
  update-flake:
    name: Update flake.lock
    runs-on: ubuntu-latest
    permissions:
      contents: write
      pull-requests: write
    steps:
      - name: Checkout repo
        uses: actions/checkout@v6
        with:
          submodules: true
      - name: Install Nix
        uses: DeterminateSystems/determinate-nix-action@main
      - name: Update flake.lock
        uses: DeterminateSystems/update-flake-lock@main
        id: update
        with:
          pr-title: "up"
          pr-labels: |
            dependencies
            automated
      - name: Trigger merge
        run: |
          if [ -n "${{ steps.update.outputs.pull-request-number }}" ]; then
            gh pr merge --auto --rebase ${{ steps.update.outputs.pull-request-number }}
          fi
        env:
          GH_TOKEN: ${{ github.token }}
